
Microsoft Visual Studio Solution File, Format Version 12.00
# Visual Studio Version 16
VisualStudioVersion = 16.0.31005.135
MinimumVisualStudioVersion = 10.0.40219.1
Project("{9A19103F-16F7-4668-BE54-9A1E7A4F7556}") = "Calculator", "Calculator.csproj", "{10EA95B4-3A6D-4B4D-8D16-526EF9F238ED}"
EndProject
Project("{FAE04EC0-301F-11D3-BF4B-00C04F79EFBC}") = "Calculator.Tests", "..\Calculator.Tests\Calculator.Tests.csproj", "{782EA375-1F43-41AC-95C2-B90024FF4281}"
EndProject
Global
	GlobalSection(SolutionConfigurationPlatforms) = preSolution
		Debug|Any CPU = Debug|Any CPU
		Release|Any CPU = Release|Any CPU
	EndGlobalSection
	GlobalSection(ProjectConfigurationPlatforms) = postSolution
		{10EA95B4-3A6D-4B4D-8D16-526EF9F238ED}.Debug|Any CPU.ActiveCfg = Debug|Any CPU
		{10EA95B4-3A6D-4B4D-8D16-526EF9F238ED}.Debug|Any CPU.Build.0 = Debug|Any CPU
		{10EA95B4-3A6D-4B4D-8D16-526EF9F238ED}.Release|Any CPU.ActiveCfg = Release|Any CPU
		{10EA95B4-3A6D-4B4D-8D16-526EF9F238ED}.Release|Any CPU.Build.0 = Release|Any CPU
		{782EA375-1F43-41AC-95C2-B90024FF4281}.Debug|Any CPU.ActiveCfg = Debug|Any CPU
		{782EA375-1F43-41AC-95C2-B90024FF4281}.Debug|Any CPU.Build.0 = Debug|Any CPU
		{782EA375-1F43-41AC-95C2-B90024FF4281}.Release|Any CPU.ActiveCfg = Release|Any CPU
		{782EA375-1F43-41AC-95C2-B90024FF4281}.Release|Any CPU.Build.0 = Release|Any CPU
	EndGlobalSection
	GlobalSection(SolutionProperties) = preSolution
		HideSolutionNode = FALSE
	EndGlobalSection
	GlobalSection(ExtensibilityGlobals) = postSolution
		SolutionGuid = {1E4B126F-CD43-4360-B8AE-A71AB86F4D50}
	EndGlobalSection
EndGlobal
