
Microsoft Visual Studio Solution File, Format Version 12.00
# Visual Studio Version 16
VisualStudioVersion = 16.0.31702.278
MinimumVisualStudioVersion = 10.0.40219.1
Project("{9A19103F-16F7-4668-BE54-9A1E7A4F7556}") = "ThreadPoolTask", "ThreadPoolTask.csproj", "{5A19565B-FE20-4297-B32C-A99F17470275}"
EndProject
Project("{9A19103F-16F7-4668-BE54-9A1E7A4F7556}") = "ThreadPoolTask.Tests", "..\ThreadPoolTask.Tests\ThreadPoolTask.Tests.csproj", "{0199501B-186B-4678-A1ED-F15EAABADF6C}"
EndProject
Global
	GlobalSection(SolutionConfigurationPlatforms) = preSolution
		Debug|Any CPU = Debug|Any CPU
		Release|Any CPU = Release|Any CPU
	EndGlobalSection
	GlobalSection(ProjectConfigurationPlatforms) = postSolution
		{5A19565B-FE20-4297-B32C-A99F17470275}.Debug|Any CPU.ActiveCfg = Debug|Any CPU
		{5A19565B-FE20-4297-B32C-A99F17470275}.Debug|Any CPU.Build.0 = Debug|Any CPU
		{5A19565B-FE20-4297-B32C-A99F17470275}.Release|Any CPU.ActiveCfg = Release|Any CPU
		{5A19565B-FE20-4297-B32C-A99F17470275}.Release|Any CPU.Build.0 = Release|Any CPU
		{0199501B-186B-4678-A1ED-F15EAABADF6C}.Debug|Any CPU.ActiveCfg = Debug|Any CPU
		{0199501B-186B-4678-A1ED-F15EAABADF6C}.Debug|Any CPU.Build.0 = Debug|Any CPU
		{0199501B-186B-4678-A1ED-F15EAABADF6C}.Release|Any CPU.ActiveCfg = Release|Any CPU
		{0199501B-186B-4678-A1ED-F15EAABADF6C}.Release|Any CPU.Build.0 = Release|Any CPU
	EndGlobalSection
	GlobalSection(SolutionProperties) = preSolution
		HideSolutionNode = FALSE
	EndGlobalSection
	GlobalSection(ExtensibilityGlobals) = postSolution
		SolutionGuid = {9E7A3A1E-FA9C-4CA1-BDEE-3DF8DF1CE641}
	EndGlobalSection
EndGlobal
