
Microsoft Visual Studio Solution File, Format Version 12.00
# Visual Studio Version 16
VisualStudioVersion = 16.0.31702.278
MinimumVisualStudioVersion = 10.0.40219.1
Project("{9A19103F-16F7-4668-BE54-9A1E7A4F7556}") = "ThreadPoolTask", "ThreadPoolTask.csproj", "{5A19565B-FE20-4297-B32C-A99F17470275}"
EndProject
Project("{FAE04EC0-301F-11D3-BF4B-00C04F79EFBC}") = "ConsoleApp1", "..\ConsoleApp1\ConsoleApp1.csproj", "{08C2DDAF-2562-455B-816E-C019BF42D7BF}"
EndProject
Global
	GlobalSection(SolutionConfigurationPlatforms) = preSolution
		Debug|Any CPU = Debug|Any CPU
		Release|Any CPU = Release|Any CPU
	EndGlobalSection
	GlobalSection(ProjectConfigurationPlatforms) = postSolution
		{5A19565B-FE20-4297-B32C-A99F17470275}.Debug|Any CPU.ActiveCfg = Debug|Any CPU
		{5A19565B-FE20-4297-B32C-A99F17470275}.Debug|Any CPU.Build.0 = Debug|Any CPU
		{5A19565B-FE20-4297-B32C-A99F17470275}.Release|Any CPU.ActiveCfg = Release|Any CPU
		{5A19565B-FE20-4297-B32C-A99F17470275}.Release|Any CPU.Build.0 = Release|Any CPU
		{08C2DDAF-2562-455B-816E-C019BF42D7BF}.Debug|Any CPU.ActiveCfg = Debug|Any CPU
		{08C2DDAF-2562-455B-816E-C019BF42D7BF}.Debug|Any CPU.Build.0 = Debug|Any CPU
		{08C2DDAF-2562-455B-816E-C019BF42D7BF}.Release|Any CPU.ActiveCfg = Release|Any CPU
		{08C2DDAF-2562-455B-816E-C019BF42D7BF}.Release|Any CPU.Build.0 = Release|Any CPU
	EndGlobalSection
	GlobalSection(SolutionProperties) = preSolution
		HideSolutionNode = FALSE
	EndGlobalSection
	GlobalSection(ExtensibilityGlobals) = postSolution
		SolutionGuid = {9E7A3A1E-FA9C-4CA1-BDEE-3DF8DF1CE641}
	EndGlobalSection
EndGlobal
