
Microsoft Visual Studio Solution File, Format Version 12.00
# Visual Studio Version 16
VisualStudioVersion = 16.0.31313.79
MinimumVisualStudioVersion = 10.0.40219.1
Project("{9A19103F-16F7-4668-BE54-9A1E7A4F7556}") = "MatrixMultiplication", "MatrixMultiplication.csproj", "{7E3A17C0-F898-40DA-B362-81133737A02A}"
EndProject
Project("{FAE04EC0-301F-11D3-BF4B-00C04F79EFBC}") = "MatrixMultiplication.Tests", "..\MatrixMultiplication.Tests\MatrixMultiplication.Tests.csproj", "{CA31C1F2-6FB2-4B10-A892-2E24F43D0D66}"
EndProject
Global
	GlobalSection(SolutionConfigurationPlatforms) = preSolution
		Debug|Any CPU = Debug|Any CPU
		Release|Any CPU = Release|Any CPU
	EndGlobalSection
	GlobalSection(ProjectConfigurationPlatforms) = postSolution
		{7E3A17C0-F898-40DA-B362-81133737A02A}.Debug|Any CPU.ActiveCfg = Debug|Any CPU
		{7E3A17C0-F898-40DA-B362-81133737A02A}.Debug|Any CPU.Build.0 = Debug|Any CPU
		{7E3A17C0-F898-40DA-B362-81133737A02A}.Release|Any CPU.ActiveCfg = Release|Any CPU
		{7E3A17C0-F898-40DA-B362-81133737A02A}.Release|Any CPU.Build.0 = Release|Any CPU
		{CA31C1F2-6FB2-4B10-A892-2E24F43D0D66}.Debug|Any CPU.ActiveCfg = Debug|Any CPU
		{CA31C1F2-6FB2-4B10-A892-2E24F43D0D66}.Debug|Any CPU.Build.0 = Debug|Any CPU
		{CA31C1F2-6FB2-4B10-A892-2E24F43D0D66}.Release|Any CPU.ActiveCfg = Release|Any CPU
		{CA31C1F2-6FB2-4B10-A892-2E24F43D0D66}.Release|Any CPU.Build.0 = Release|Any CPU
	EndGlobalSection
	GlobalSection(SolutionProperties) = preSolution
		HideSolutionNode = FALSE
	EndGlobalSection
	GlobalSection(ExtensibilityGlobals) = postSolution
		SolutionGuid = {30AB792A-644A-4E60-A6BF-1678A2259929}
	EndGlobalSection
EndGlobal
