
Microsoft Visual Studio Solution File, Format Version 12.00
# Visual Studio Version 16
VisualStudioVersion = 16.0.31025.194
MinimumVisualStudioVersion = 10.0.40219.1
Project("{9A19103F-16F7-4668-BE54-9A1E7A4F7556}") = "UniqueList", "UniqueList.csproj", "{F5C30BED-C376-481F-ABD2-053793B70325}"
EndProject
Project("{FAE04EC0-301F-11D3-BF4B-00C04F79EFBC}") = "UniqueList.Tests", "..\UniqueList.Tests\UniqueList.Tests.csproj", "{07AE885E-6843-4D2D-808B-180000647013}"
EndProject
Global
	GlobalSection(SolutionConfigurationPlatforms) = preSolution
		Debug|Any CPU = Debug|Any CPU
		Release|Any CPU = Release|Any CPU
	EndGlobalSection
	GlobalSection(ProjectConfigurationPlatforms) = postSolution
		{F5C30BED-C376-481F-ABD2-053793B70325}.Debug|Any CPU.ActiveCfg = Debug|Any CPU
		{F5C30BED-C376-481F-ABD2-053793B70325}.Debug|Any CPU.Build.0 = Debug|Any CPU
		{F5C30BED-C376-481F-ABD2-053793B70325}.Release|Any CPU.ActiveCfg = Release|Any CPU
		{F5C30BED-C376-481F-ABD2-053793B70325}.Release|Any CPU.Build.0 = Release|Any CPU
		{07AE885E-6843-4D2D-808B-180000647013}.Debug|Any CPU.ActiveCfg = Debug|Any CPU
		{07AE885E-6843-4D2D-808B-180000647013}.Debug|Any CPU.Build.0 = Debug|Any CPU
		{07AE885E-6843-4D2D-808B-180000647013}.Release|Any CPU.ActiveCfg = Release|Any CPU
		{07AE885E-6843-4D2D-808B-180000647013}.Release|Any CPU.Build.0 = Release|Any CPU
	EndGlobalSection
	GlobalSection(SolutionProperties) = preSolution
		HideSolutionNode = FALSE
	EndGlobalSection
	GlobalSection(ExtensibilityGlobals) = postSolution
		SolutionGuid = {995C5173-CE91-4020-8A24-42B579639848}
	EndGlobalSection
EndGlobal
