
Microsoft Visual Studio Solution File, Format Version 12.00
# Visual Studio Version 16
VisualStudioVersion = 16.0.31025.194
MinimumVisualStudioVersion = 10.0.40219.1
Project("{9A19103F-16F7-4668-BE54-9A1E7A4F7556}") = "BTree", "BTree.csproj", "{C6960D4B-945B-446B-B5F4-206DADADC06C}"
EndProject
Project("{FAE04EC0-301F-11D3-BF4B-00C04F79EFBC}") = "BTree.Tests", "..\BTree.Tests\BTree.Tests.csproj", "{A9607D35-B981-427A-8C42-A5CB2BEDAC70}"
EndProject
Global
	GlobalSection(SolutionConfigurationPlatforms) = preSolution
		Debug|Any CPU = Debug|Any CPU
		Release|Any CPU = Release|Any CPU
	EndGlobalSection
	GlobalSection(ProjectConfigurationPlatforms) = postSolution
		{C6960D4B-945B-446B-B5F4-206DADADC06C}.Debug|Any CPU.ActiveCfg = Debug|Any CPU
		{C6960D4B-945B-446B-B5F4-206DADADC06C}.Debug|Any CPU.Build.0 = Debug|Any CPU
		{C6960D4B-945B-446B-B5F4-206DADADC06C}.Release|Any CPU.ActiveCfg = Release|Any CPU
		{C6960D4B-945B-446B-B5F4-206DADADC06C}.Release|Any CPU.Build.0 = Release|Any CPU
		{A9607D35-B981-427A-8C42-A5CB2BEDAC70}.Debug|Any CPU.ActiveCfg = Debug|Any CPU
		{A9607D35-B981-427A-8C42-A5CB2BEDAC70}.Debug|Any CPU.Build.0 = Debug|Any CPU
		{A9607D35-B981-427A-8C42-A5CB2BEDAC70}.Release|Any CPU.ActiveCfg = Release|Any CPU
		{A9607D35-B981-427A-8C42-A5CB2BEDAC70}.Release|Any CPU.Build.0 = Release|Any CPU
	EndGlobalSection
	GlobalSection(SolutionProperties) = preSolution
		HideSolutionNode = FALSE
	EndGlobalSection
	GlobalSection(ExtensibilityGlobals) = postSolution
		SolutionGuid = {80EA763E-E5B2-4831-AE3E-FEA9CAF6279A}
	EndGlobalSection
EndGlobal
